{
  "name": "game-prototype",
  "version": "1.0.0",
  "lockfileVersion": 2,
  "requires": true,
  "packages": {
    "": {
      "name": "game-prototype",
      "version": "1.0.0",
      "license": "ISC",
      "devDependencies": {
        "babylonjs": "^4.2.2",
        "babylonjs-gui": "^4.2.2"
      }
    },
    "node_modules/babylonjs": {
      "version": "4.2.2",
      "resolved": "https://registry.npmjs.org/babylonjs/-/babylonjs-4.2.2.tgz",
      "integrity": "sha512-p7mTi6+nLuWJTLbwxEJxLOh/QMHMV2KA0bviEoQSK5VtsAq1F0JghoOZYRs4aEqAZF/deFPWvMQk1vbXJ+4eEA==",
      "dev": true,
      "engines": {
        "node": "*"
      }
    },
    "node_modules/babylonjs-gui": {
      "version": "4.2.2",
      "resolved": "https://registry.npmjs.org/babylonjs-gui/-/babylonjs-gui-4.2.2.tgz",
      "integrity": "sha512-LCjj9bZMR7TCJw5PizhS+lHRxhOWcQ6wGVEs6DjY5leT6Lb9jUD9LwqTemfd1KobZLOg5/TY89LqMzNLkDvtng==",
      "dev": true,
      "dependencies": {
        "babylonjs": "4.2.2"
      },
      "engines": {
        "node": "*"
      }
    }
  },
  "dependencies": {
    "babylonjs": {
      "version": "4.2.2",
      "resolved": "https://registry.npmjs.org/babylonjs/-/babylonjs-4.2.2.tgz",
      "integrity": "sha512-p7mTi6+nLuWJTLbwxEJxLOh/QMHMV2KA0bviEoQSK5VtsAq1F0JghoOZYRs4aEqAZF/deFPWvMQk1vbXJ+4eEA==",
      "dev": true
    },
    "babylonjs-gui": {
      "version": "4.2.2",
      "resolved": "https://registry.npmjs.org/babylonjs-gui/-/babylonjs-gui-4.2.2.tgz",
      "integrity": "sha512-LCjj9bZMR7TCJw5PizhS+lHRxhOWcQ6wGVEs6DjY5leT6Lb9jUD9LwqTemfd1KobZLOg5/TY89LqMzNLkDvtng==",
      "dev": true,
      "requires": {
        "babylonjs": "4.2.2"
      }
    }
  }
}
